# THIS IS AN AUTOGENERATED FILE. DO NOT EDIT THIS FILE DIRECTLY.
# yarn lockfile v1


"@va034600/yarn-fetch-library@^1.0.5":
  version "1.0.5"
  resolved "http://localhost:8081/repository/my-npm-group-repo/@va034600/yarn-fetch-library/-/yarn-fetch-library-1.0.5.tgz#354fb62ff73126f480152421d901ba654e84914b"
  integrity sha512-ccvs3zrAY1Y5DW0S68ljJNyn1IoBFZUu/8Jqk6hDBxAqtmTlpzlsWIL0OVxxjYleX+SRIHqpE1/Ig3KtcWoSeg==
  dependencies:
    underscore "^1.9.1"

underscore@^1.9.1:
  version "1.9.1"
  resolved "http://localhost:8081/repository/my-npm-group-repo/underscore/-/underscore-1.9.1.tgz#06dce34a0e68a7babc29b365b8e74b8925203961"
  integrity sha512-5/4etnCkd9c8gwgowi5/om/mYO5ajCaOgdzj/oW+0eQV9WxKBDZw5+ycmKmeaTXjInS/W0BzpGLo2xR2aBwZdg==
